{
  "name": "slidePublish",
  "lockfileVersion": 3,
  "requires": true,
  "packages": {
    "": {
      "devDependencies": {
        "gas-lib": "^2.0.4"
      }
    },
    "node_modules/gas-lib": {
      "version": "2.0.4",
      "resolved": "https://registry.npmjs.org/gas-lib/-/gas-lib-2.0.4.tgz",
      "integrity": "sha512-Ha9We4wfZ9WewCpRnz1aoxtdRY4h5dbMjezjXEkLfNpJHehXmuvW8H2yjqAnDbEmPO3ML2HuUpAFPYyqhKUSfw==",
      "dev": true
    }
  }
}
